// !$*UTF8*$!
{
	archiveVersion = 1;
	classes = {
	};
	objectVersion = 46;
	objects = {

/* Begin PBXBuildFile section */
		21EB8C7E1F4DC9B200AA0745 /* AppDelegate.swift in Sources */ = {isa = PBXBuildFile; fileRef = 21EB8C7D1F4DC9B200AA0745 /* AppDelegate.swift */; };
		21EB8C801F4DC9B200AA0745 /* ViewController.swift in Sources */ = {isa = PBXBuildFile; fileRef = 21EB8C7F1F4DC9B200AA0745 /* ViewController.swift */; };
		21EB8C831F4DC9B200AA0745 /* Main.storyboard in Resources */ = {isa = PBXBuildFile; fileRef = 21EB8C811F4DC9B200AA0745 /* Main.storyboard */; };
		21EB8C861F4DC9B200AA0745 /* __tableview.xcdatamodeld in Sources */ = {isa = PBXBuildFile; fileRef = 21EB8C841F4DC9B200AA0745 /* __tableview.xcdatamodeld */; };
		21EB8C881F4DC9B200AA0745 /* Assets.xcassets in Resources */ = {isa = PBXBuildFile; fileRef = 21EB8C871F4DC9B200AA0745 /* Assets.xcassets */; };
		21EB8C8B1F4DC9B200AA0745 /* LaunchScreen.storyboard in Resources */ = {isa = PBXBuildFile; fileRef = 21EB8C891F4DC9B200AA0745 /* LaunchScreen.storyboard */; };
		21EB8C961F4DC9B200AA0745 /* __tableviewTests.swift in Sources */ = {isa = PBXBuildFile; fileRef = 21EB8C951F4DC9B200AA0745 /* __tableviewTests.swift */; };
		21EB8CA11F4DC9B200AA0745 /* __tableviewUITests.swift in Sources */ = {isa = PBXBuildFile; fileRef = 21EB8CA01F4DC9B200AA0745 /* __tableviewUITests.swift */; };
/* End PBXBuildFile section */

/* Begin PBXContainerItemProxy section */
		21EB8C921F4DC9B200AA0745 /* PBXContainerItemProxy */ = {
			isa = PBXContainerItemProxy;
			containerPortal = 21EB8C721F4DC9B200AA0745 /* Project object */;
			proxyType = 1;
			remoteGlobalIDString = 21EB8C791F4DC9B200AA0745;
			remoteInfo = "2 tableview";
		};
		21EB8C9D1F4DC9B200AA0745 /* PBXContainerItemProxy */ = {
			isa = PBXContainerItemProxy;
			containerPortal = 21EB8C721F4DC9B200AA0745 /* Project object */;
			proxyType = 1;
			remoteGlobalIDString = 21EB8C791F4DC9B200AA0745;
			remoteInfo = "2 tableview";
		};
/* End PBXContainerItemProxy section */

/* Begin PBXFileReference section */
		21EB8C7A1F4DC9B200AA0745 /* 2 tableview.app */ = {isa = PBXFileReference; explicitFileType = wrapper.application; includeInIndex = 0; path = "2 tableview.app"; sourceTree = BUILT_PRODUCTS_DIR; };
		21EB8C7D1F4DC9B200AA0745 /* AppDelegate.swift */ = {isa = PBXFileReference; lastKnownFileType = sourcecode.swift; path = AppDelegate.swift; sourceTree = "<group>"; };
		21EB8C7F1F4DC9B200AA0745 /* ViewController.swift */ = {isa = PBXFileReference; lastKnownFileType = sourcecode.swift; path = ViewController.swift; sourceTree = "<group>"; };
		21EB8C821F4DC9B200AA0745 /* Base */ = {isa = PBXFileReference; lastKnownFileType = file.storyboard; name = Base; path = Base.lproj/Main.storyboard; sourceTree = "<group>"; };
		21EB8C851F4DC9B200AA0745 /* __tableview.xcdatamodel */ = {isa = PBXFileReference; lastKnownFileType = wrapper.xcdatamodel; path = __tableview.xcdatamodel; sourceTree = "<group>"; };
		21EB8C871F4DC9B200AA0745 /* Assets.xcassets */ = {isa = PBXFileReference; lastKnownFileType = folder.assetcatalog; path = Assets.xcassets; sourceTree = "<group>"; };
		21EB8C8A1F4DC9B200AA0745 /* Base */ = {isa = PBXFileReference; lastKnownFileType = file.storyboard; name = Base; path = Base.lproj/LaunchScreen.storyboard; sourceTree = "<group>"; };
		21EB8C8C1F4DC9B200AA0745 /* Info.plist */ = {isa = PBXFileReference; lastKnownFileType = text.plist.xml; path = Info.plist; sourceTree = "<group>"; };
		21EB8C911F4DC9B200AA0745 /* 2 tableviewTests.xctest */ = {isa = PBXFileReference; explicitFileType = wrapper.cfbundle; includeInIndex = 0; path = "2 tableviewTests.xctest"; sourceTree = BUILT_PRODUCTS_DIR; };
		21EB8C951F4DC9B200AA0745 /* __tableviewTests.swift */ = {isa = PBXFileReference; lastKnownFileType = sourcecode.swift; path = __tableviewTests.swift; sourceTree = "<group>"; };
		21EB8C971F4DC9B200AA0745 /* Info.plist */ = {isa = PBXFileReference; lastKnownFileType = text.plist.xml; path = Info.plist; sourceTree = "<group>"; };
		21EB8C9C1F4DC9B200AA0745 /* 2 tableviewUITests.xctest */ = {isa = PBXFileReference; explicitFileType = wrapper.cfbundle; includeInIndex = 0; path = "2 tableviewUITests.xctest"; sourceTree = BUILT_PRODUCTS_DIR; };
		21EB8CA01F4DC9B200AA0745 /* __tableviewUITests.swift */ = {isa = PBXFileReference; lastKnownFileType = sourcecode.swift; path = __tableviewUITests.swift; sourceTree = "<group>"; };
		21EB8CA21F4DC9B200AA0745 /* Info.plist */ = {isa = PBXFileReference; lastKnownFileType = text.plist.xml; path = Info.plist; sourceTree = "<group>"; };
/* End PBXFileReference section */

/* Begin PBXFrameworksBuildPhase section */
		21EB8C771F4DC9B200AA0745 /* Frameworks */ = {
			isa = PBXFrameworksBuildPhase;
			buildActionMask = 2147483647;
			files = (
			);
			runOnlyForDeploymentPostprocessing = 0;
		};
		21EB8C8E1F4DC9B200AA0745 /* Frameworks */ = {
			isa = PBXFrameworksBuildPhase;
			buildActionMask = 2147483647;
			files = (
			);
			runOnlyForDeploymentPostprocessing = 0;
		};
		21EB8C991F4DC9B200AA0745 /* Frameworks */ = {
			isa = PBXFrameworksBuildPhase;
			buildActionMask = 2147483647;
			files = (
			);
			runOnlyForDeploymentPostprocessing = 0;
		};
/* End PBXFrameworksBuildPhase section */

/* Begin PBXGroup section */
		21EB8C711F4DC9B200AA0745 = {
			isa = PBXGroup;
			children = (
				21EB8C7C1F4DC9B200AA0745 /* 2 tableview */,
				21EB8C941F4DC9B200AA0745 /* 2 tableviewTests */,
				21EB8C9F1F4DC9B200AA0745 /* 2 tableviewUITests */,
				21EB8C7B1F4DC9B200AA0745 /* Products */,
			);
			sourceTree = "<group>";
		};
		21EB8C7B1F4DC9B200AA0745 /* Products */ = {
			isa = PBXGroup;
			children = (
				21EB8C7A1F4DC9B200AA0745 /* 2 tableview.app */,
				21EB8C911F4DC9B200AA0745 /* 2 tableviewTests.xctest */,
				21EB8C9C1F4DC9B200AA0745 /* 2 tableviewUITests.xctest */,
			);
			name = Products;
			sourceTree = "<group>";
		};
		21EB8C7C1F4DC9B200AA0745 /* 2 tableview */ = {
			isa = PBXGroup;
			children = (
				21EB8C7D1F4DC9B200AA0745 /* AppDelegate.swift */,
				21EB8C7F1F4DC9B200AA0745 /* ViewController.swift */,
				21EB8C811F4DC9B200AA0745 /* Main.storyboard */,
				21EB8C871F4DC9B200AA0745 /* Assets.xcassets */,
				21EB8C891F4DC9B200AA0745 /* LaunchScreen.storyboard */,
				21EB8C8C1F4DC9B200AA0745 /* Info.plist */,
				21EB8C841F4DC9B200AA0745 /* __tableview.xcdatamodeld */,
			);
			path = "2 tableview";
			sourceTree = "<group>";
		};
		21EB8C941F4DC9B200AA0745 /* 2 tableviewTests */ = {
			isa = PBXGroup;
			children = (
				21EB8C951F4DC9B200AA0745 /* __tableviewTests.swift */,
				21EB8C971F4DC9B200AA0745 /* Info.plist */,
			);
			path = "2 tableviewTests";
			sourceTree = "<group>";
		};
		21EB8C9F1F4DC9B200AA0745 /* 2 tableviewUITests */ = {
			isa = PBXGroup;
			children = (
				21EB8CA01F4DC9B200AA0745 /* __tableviewUITests.swift */,
				21EB8CA21F4DC9B200AA0745 /* Info.plist */,
			);
			path = "2 tableviewUITests";
			sourceTree = "<group>";
		};
/* End PBXGroup section */

/* Begin PBXNativeTarget section */
		21EB8C791F4DC9B200AA0745 /* 2 tableview */ = {
			isa = PBXNativeTarget;
			buildConfigurationList = 21EB8CA51F4DC9B200AA0745 /* Build configuration list for PBXNativeTarget "2 tableview" */;
			buildPhases = (
				21EB8C761F4DC9B200AA0745 /* Sources */,
				21EB8C771F4DC9B200AA0745 /* Frameworks */,
				21EB8C781F4DC9B200AA0745 /* Resources */,
			);
			buildRules = (
			);
			dependencies = (
			);
			name = "2 tableview";
			productName = "2 tableview";
			productReference = 21EB8C7A1F4DC9B200AA0745 /* 2 tableview.app */;
			productType = "com.apple.product-type.application";
		};
		21EB8C901F4DC9B200AA0745 /* 2 tableviewTests */ = {
			isa = PBXNativeTarget;
			buildConfigurationList = 21EB8CA81F4DC9B200AA0745 /* Build configuration list for PBXNativeTarget "2 tableviewTests" */;
			buildPhases = (
				21EB8C8D1F4DC9B200AA0745 /* Sources */,
				21EB8C8E1F4DC9B200AA0745 /* Frameworks */,
				21EB8C8F1F4DC9B200AA0745 /* Resources */,
			);
			buildRules = (
			);
			dependencies = (
				21EB8C931F4DC9B200AA0745 /* PBXTargetDependency */,
			);
			name = "2 tableviewTests";
			productName = "2 tableviewTests";
			productReference = 21EB8C911F4DC9B200AA0745 /* 2 tableviewTests.xctest */;
			productType = "com.apple.product-type.bundle.unit-test";
		};
		21EB8C9B1F4DC9B200AA0745 /* 2 tableviewUITests */ = {
			isa = PBXNativeTarget;
			buildConfigurationList = 21EB8CAB1F4DC9B200AA0745 /* Build configuration list for PBXNativeTarget "2 tableviewUITests" */;
			buildPhases = (
				21EB8C981F4DC9B200AA0745 /* Sources */,
				21EB8C991F4DC9B200AA0745 /* Frameworks */,
				21EB8C9A1F4DC9B200AA0745 /* Resources */,
			);
			buildRules = (
			);
			dependencies = (
				21EB8C9E1F4DC9B200AA0745 /* PBXTargetDependency */,
			);
			name = "2 tableviewUITests";
			productName = "2 tableviewUITests";
			productReference = 21EB8C9C1F4DC9B200AA0745 /* 2 tableviewUITests.xctest */;
			productType = "com.apple.product-type.bundle.ui-testing";
		};
/* End PBXNativeTarget section */

/* Begin PBXProject section */
		21EB8C721F4DC9B200AA0745 /* Project object */ = {
			isa = PBXProject;
			attributes = {
				LastSwiftUpdateCheck = 0830;
				LastUpgradeCheck = 0830;
				ORGANIZATIONNAME = apcs2;
				TargetAttributes = {
					21EB8C791F4DC9B200AA0745 = {
						CreatedOnToolsVersion = 8.3.2;
						ProvisioningStyle = Automatic;
					};
					21EB8C901F4DC9B200AA0745 = {
						CreatedOnToolsVersion = 8.3.2;
						ProvisioningStyle = Automatic;
						TestTargetID = 21EB8C791F4DC9B200AA0745;
					};
					21EB8C9B1F4DC9B200AA0745 = {
						CreatedOnToolsVersion = 8.3.2;
						ProvisioningStyle = Automatic;
						TestTargetID = 21EB8C791F4DC9B200AA0745;
					};
				};
			};
			buildConfigurationList = 21EB8C751F4DC9B200AA0745 /* Build configuration list for PBXProject "2 tableview" */;
			compatibilityVersion = "Xcode 3.2";
			developmentRegion = English;
			hasScannedForEncodings = 0;
			knownRegions = (
				en,
				Base,
			);
			mainGroup = 21EB8C711F4DC9B200AA0745;
			productRefGroup = 21EB8C7B1F4DC9B200AA0745 /* Products */;
			projectDirPath = "";
			projectRoot = "";
			targets = (
				21EB8C791F4DC9B200AA0745 /* 2 tableview */,
				21EB8C901F4DC9B200AA0745 /* 2 tableviewTests */,
				21EB8C9B1F4DC9B200AA0745 /* 2 tableviewUITests */,
			);
		};
/* End PBXProject section */

/* Begin PBXResourcesBuildPhase section */
		21EB8C781F4DC9B200AA0745 /* Resources */ = {
			isa = PBXResourcesBuildPhase;
			buildActionMask = 2147483647;
			files = (
				21EB8C8B1F4DC9B200AA0745 /* LaunchScreen.storyboard in Resources */,
				21EB8C881F4DC9B200AA0745 /* Assets.xcassets in Resources */,
				21EB8C831F4DC9B200AA0745 /* Main.storyboard in Resources */,
			);
			runOnlyForDeploymentPostprocessing = 0;
		};
		21EB8C8F1F4DC9B200AA0745 /* Resources */ = {
			isa = PBXResourcesBuildPhase;
			buildActionMask = 2147483647;
			files = (
			);
			runOnlyForDeploymentPostprocessing = 0;
		};
		21EB8C9A1F4DC9B200AA0745 /* Resources */ = {
			isa = PBXResourcesBuildPhase;
			buildActionMask = 2147483647;
			files = (
			);
			runOnlyForDeploymentPostprocessing = 0;
		};
/* End PBXResourcesBuildPhase section */

/* Begin PBXSourcesBuildPhase section */
		21EB8C761F4DC9B200AA0745 /* Sources */ = {
			isa = PBXSourcesBuildPhase;
			buildActionMask = 2147483647;
			files = (
				21EB8C801F4DC9B200AA0745 /* ViewController.swift in Sources */,
				21EB8C861F4DC9B200AA0745 /* __tableview.xcdatamodeld in Sources */,
				21EB8C7E1F4DC9B200AA0745 /* AppDelegate.swift in Sources */,
			);
			runOnlyForDeploymentPostprocessing = 0;
		};
		21EB8C8D1F4DC9B200AA0745 /* Sources */ = {
			isa = PBXSourcesBuildPhase;
			buildActionMask = 2147483647;
			files = (
				21EB8C961F4DC9B200AA0745 /* __tableviewTests.swift in Sources */,
			);
			runOnlyForDeploymentPostprocessing = 0;
		};
		21EB8C981F4DC9B200AA0745 /* Sources */ = {
			isa = PBXSourcesBuildPhase;
			buildActionMask = 2147483647;
			files = (
				21EB8CA11F4DC9B200AA0745 /* __tableviewUITests.swift in Sources */,
			);
			runOnlyForDeploymentPostprocessing = 0;
		};
/* End PBXSourcesBuildPhase section */

/* Begin PBXTargetDependency section */
		21EB8C931F4DC9B200AA0745 /* PBXTargetDependency */ = {
			isa = PBXTargetDependency;
			target = 21EB8C791F4DC9B200AA0745 /* 2 tableview */;
			targetProxy = 21EB8C921F4DC9B200AA0745 /* PBXContainerItemProxy */;
		};
		21EB8C9E1F4DC9B200AA0745 /* PBXTargetDependency */ = {
			isa = PBXTargetDependency;
			target = 21EB8C791F4DC9B200AA0745 /* 2 tableview */;
			targetProxy = 21EB8C9D1F4DC9B200AA0745 /* PBXContainerItemProxy */;
		};
/* End PBXTargetDependency section */

/* Begin PBXVariantGroup section */
		21EB8C811F4DC9B200AA0745 /* Main.storyboard */ = {
			isa = PBXVariantGroup;
			children = (
				21EB8C821F4DC9B200AA0745 /* Base */,
			);
			name = Main.storyboard;
			sourceTree = "<group>";
		};
		21EB8C891F4DC9B200AA0745 /* LaunchScreen.storyboard */ = {
			isa = PBXVariantGroup;
			children = (
				21EB8C8A1F4DC9B200AA0745 /* Base */,
			);
			name = LaunchScreen.storyboard;
			sourceTree = "<group>";
		};
/* End PBXVariantGroup section */

/* Begin XCBuildConfiguration section */
		21EB8CA31F4DC9B200AA0745 /* Debug */ = {
			isa = XCBuildConfiguration;
			buildSettings = {
				ALWAYS_SEARCH_USER_PATHS = NO;
				CLANG_ANALYZER_NONNULL = YES;
				CLANG_ANALYZER_NUMBER_OBJECT_CONVERSION = YES_AGGRESSIVE;
				CLANG_CXX_LANGUAGE_STANDARD = "gnu++0x";
				CLANG_CXX_LIBRARY = "libc++";
				CLANG_ENABLE_MODULES = YES;
				CLANG_ENABLE_OBJC_ARC = YES;
				CLANG_WARN_BOOL_CONVERSION = YES;
				CLANG_WARN_CONSTANT_CONVERSION = YES;
				CLANG_WARN_DIRECT_OBJC_ISA_USAGE = YES_ERROR;
				CLANG_WARN_DOCUMENTATION_COMMENTS = YES;
				CLANG_WARN_EMPTY_BODY = YES;
				CLANG_WARN_ENUM_CONVERSION = YES;
				CLANG_WARN_INFINITE_RECURSION = YES;
				CLANG_WARN_INT_CONVERSION = YES;
				CLANG_WARN_OBJC_ROOT_CLASS = YES_ERROR;
				CLANG_WARN_SUSPICIOUS_MOVE = YES;
				CLANG_WARN_UNREACHABLE_CODE = YES;
				CLANG_WARN__DUPLICATE_METHOD_MATCH = YES;
				"CODE_SIGN_IDENTITY[sdk=iphoneos*]" = "iPhone Developer";
				COPY_PHASE_STRIP = NO;
				DEBUG_INFORMATION_FORMAT = dwarf;
				ENABLE_STRICT_OBJC_MSGSEND = YES;
				ENABLE_TESTABILITY = YES;
				GCC_C_LANGUAGE_STANDARD = gnu99;
				GCC_DYNAMIC_NO_PIC = NO;
				GCC_NO_COMMON_BLOCKS = YES;
				GCC_OPTIMIZATION_LEVEL = 0;
				GCC_PREPROCESSOR_DEFINITIONS = (
					"DEBUG=1",
					"$(inherited)",
				);
				GCC_WARN_64_TO_32_BIT_CONVERSION = YES;
				GCC_WARN_ABOUT_RETURN_TYPE = YES_ERROR;
				GCC_WARN_UNDECLARED_SELECTOR = YES;
				GCC_WARN_UNINITIALIZED_AUTOS = YES_AGGRESSIVE;
				GCC_WARN_UNUSED_FUNCTION = YES;
				GCC_WARN_UNUSED_VARIABLE = YES;
				IPHONEOS_DEPLOYMENT_TARGET = 10.3;
				MTL_ENABLE_DEBUG_INFO = YES;
				ONLY_ACTIVE_ARCH = YES;
				SDKROOT = iphoneos;
				SWIFT_ACTIVE_COMPILATION_CONDITIONS = DEBUG;
				SWIFT_OPTIMIZATION_LEVEL = "-Onone";
			};
			name = Debug;
		};
		21EB8CA41F4DC9B200AA0745 /* Release */ = {
			isa = XCBuildConfiguration;
			buildSettings = {
				ALWAYS_SEARCH_USER_PATHS = NO;
				CLANG_ANALYZER_NONNULL = YES;
				CLANG_ANALYZER_NUMBER_OBJECT_CONVERSION = YES_AGGRESSIVE;
				CLANG_CXX_LANGUAGE_STANDARD = "gnu++0x";
				CLANG_CXX_LIBRARY = "libc++";
				CLANG_ENABLE_MODULES = YES;
				CLANG_ENABLE_OBJC_ARC = YES;
				CLANG_WARN_BOOL_CONVERSION = YES;
				CLANG_WARN_CONSTANT_CONVERSION = YES;
				CLANG_WARN_DIRECT_OBJC_ISA_USAGE = YES_ERROR;
				CLANG_WARN_DOCUMENTATION_COMMENTS = YES;
				CLANG_WARN_EMPTY_BODY = YES;
				CLANG_WARN_ENUM_CONVERSION = YES;
				CLANG_WARN_INFINITE_RECURSION = YES;
				CLANG_WARN_INT_CONVERSION = YES;
				CLANG_WARN_OBJC_ROOT_CLASS = YES_ERROR;
				CLANG_WARN_SUSPICIOUS_MOVE = YES;
				CLANG_WARN_UNREACHABLE_CODE = YES;
				CLANG_WARN__DUPLICATE_METHOD_MATCH = YES;
				"CODE_SIGN_IDENTITY[sdk=iphoneos*]" = "iPhone Developer";
				COPY_PHASE_STRIP = NO;
				DEBUG_INFORMATION_FORMAT = "dwarf-with-dsym";
				ENABLE_NS_ASSERTIONS = NO;
				ENABLE_STRICT_OBJC_MSGSEND = YES;
				GCC_C_LANGUAGE_STANDARD = gnu99;
				GCC_NO_COMMON_BLOCKS = YES;
				GCC_WARN_64_TO_32_BIT_CONVERSION = YES;
				GCC_WARN_ABOUT_RETURN_TYPE = YES_ERROR;
				GCC_WARN_UNDECLARED_SELECTOR = YES;
				GCC_WARN_UNINITIALIZED_AUTOS = YES_AGGRESSIVE;
				GCC_WARN_UNUSED_FUNCTION = YES;
				GCC_WARN_UNUSED_VARIABLE = YES;
				IPHONEOS_DEPLOYMENT_TARGET = 10.3;
				MTL_ENABLE_DEBUG_INFO = NO;
				SDKROOT = iphoneos;
				SWIFT_OPTIMIZATION_LEVEL = "-Owholemodule";
				VALIDATE_PRODUCT = YES;
			};
			name = Release;
		};
		21EB8CA61F4DC9B200AA0745 /* Debug */ = {
			isa = XCBuildConfiguration;
			buildSettings = {
				ASSETCATALOG_COMPILER_APPICON_NAME = AppIcon;
				INFOPLIST_FILE = "2 tableview/Info.plist";
				LD_RUNPATH_SEARCH_PATHS = "$(inherited) @executable_path/Frameworks";
				PRODUCT_BUNDLE_IDENTIFIER = "PHS.--tableview";
				PRODUCT_NAME = "$(TARGET_NAME)";
				SWIFT_VERSION = 3.0;
			};
			name = Debug;
		};
		21EB8CA71F4DC9B200AA0745 /* Release */ = {
			isa = XCBuildConfiguration;
			buildSettings = {
				ASSETCATALOG_COMPILER_APPICON_NAME = AppIcon;
				INFOPLIST_FILE = "2 tableview/Info.plist";
				LD_RUNPATH_SEARCH_PATHS = "$(inherited) @executable_path/Frameworks";
				PRODUCT_BUNDLE_IDENTIFIER = "PHS.--tableview";
				PRODUCT_NAME = "$(TARGET_NAME)";
				SWIFT_VERSION = 3.0;
			};
			name = Release;
		};
		21EB8CA91F4DC9B200AA0745 /* Debug */ = {
			isa = XCBuildConfiguration;
			buildSettings = {
				ALWAYS_EMBED_SWIFT_STANDARD_LIBRARIES = YES;
				BUNDLE_LOADER = "$(TEST_HOST)";
				INFOPLIST_FILE = "2 tableviewTests/Info.plist";
				LD_RUNPATH_SEARCH_PATHS = "$(inherited) @executable_path/Frameworks @loader_path/Frameworks";
				PRODUCT_BUNDLE_IDENTIFIER = "PHS.--tableviewTests";
				PRODUCT_NAME = "$(TARGET_NAME)";
				SWIFT_VERSION = 3.0;
				TEST_HOST = "$(BUILT_PRODUCTS_DIR)/2 tableview.app/2 tableview";
			};
			name = Debug;
		};
		21EB8CAA1F4DC9B200AA0745 /* Release */ = {
			isa = XCBuildConfiguration;
			buildSettings = {
				ALWAYS_EMBED_SWIFT_STANDARD_LIBRARIES = YES;
				BUNDLE_LOADER = "$(TEST_HOST)";
				INFOPLIST_FILE = "2 tableviewTests/Info.plist";
				LD_RUNPATH_SEARCH_PATHS = "$(inherited) @executable_path/Frameworks @loader_path/Frameworks";
				PRODUCT_BUNDLE_IDENTIFIER = "PHS.--tableviewTests";
				PRODUCT_NAME = "$(TARGET_NAME)";
				SWIFT_VERSION = 3.0;
				TEST_HOST = "$(BUILT_PRODUCTS_DIR)/2 tableview.app/2 tableview";
			};
			name = Release;
		};
		21EB8CAC1F4DC9B200AA0745 /* Debug */ = {
			isa = XCBuildConfiguration;
			buildSettings = {
				ALWAYS_EMBED_SWIFT_STANDARD_LIBRARIES = YES;
				INFOPLIST_FILE = "2 tableviewUITests/Info.plist";
				LD_RUNPATH_SEARCH_PATHS = "$(inherited) @executable_path/Frameworks @loader_path/Frameworks";
				PRODUCT_BUNDLE_IDENTIFIER = "PHS.--tableviewUITests";
				PRODUCT_NAME = "$(TARGET_NAME)";
				SWIFT_VERSION = 3.0;
				TEST_TARGET_NAME = "2 tableview";
			};
			name = Debug;
		};
		21EB8CAD1F4DC9B200AA0745 /* Release */ = {
			isa = XCBuildConfiguration;
			buildSettings = {
				ALWAYS_EMBED_SWIFT_STANDARD_LIBRARIES = YES;
				INFOPLIST_FILE = "2 tableviewUITests/Info.plist";
				LD_RUNPATH_SEARCH_PATHS = "$(inherited) @executable_path/Frameworks @loader_path/Frameworks";
				PRODUCT_BUNDLE_IDENTIFIER = "PHS.--tableviewUITests";
				PRODUCT_NAME = "$(TARGET_NAME)";
				SWIFT_VERSION = 3.0;
				TEST_TARGET_NAME = "2 tableview";
			};
			name = Release;
		};
/* End XCBuildConfiguration section */

/* Begin XCConfigurationList section */
		21EB8C751F4DC9B200AA0745 /* Build configuration list for PBXProject "2 tableview" */ = {
			isa = XCConfigurationList;
			buildConfigurations = (
				21EB8CA31F4DC9B200AA0745 /* Debug */,
				21EB8CA41F4DC9B200AA0745 /* Release */,
			);
			defaultConfigurationIsVisible = 0;
			defaultConfigurationName = Release;
		};
		21EB8CA51F4DC9B200AA0745 /* Build configuration list for PBXNativeTarget "2 tableview" */ = {
			isa = XCConfigurationList;
			buildConfigurations = (
				21EB8CA61F4DC9B200AA0745 /* Debug */,
				21EB8CA71F4DC9B200AA0745 /* Release */,
			);
			defaultConfigurationIsVisible = 0;
		};
		21EB8CA81F4DC9B200AA0745 /* Build configuration list for PBXNativeTarget "2 tableviewTests" */ = {
			isa = XCConfigurationList;
			buildConfigurations = (
				21EB8CA91F4DC9B200AA0745 /* Debug */,
				21EB8CAA1F4DC9B200AA0745 /* Release */,
			);
			defaultConfigurationIsVisible = 0;
		};
		21EB8CAB1F4DC9B200AA0745 /* Build configuration list for PBXNativeTarget "2 tableviewUITests" */ = {
			isa = XCConfigurationList;
			buildConfigurations = (
				21EB8CAC1F4DC9B200AA0745 /* Debug */,
				21EB8CAD1F4DC9B200AA0745 /* Release */,
			);
			defaultConfigurationIsVisible = 0;
		};
/* End XCConfigurationList section */

/* Begin XCVersionGroup section */
		21EB8C841F4DC9B200AA0745 /* __tableview.xcdatamodeld */ = {
			isa = XCVersionGroup;
			children = (
				21EB8C851F4DC9B200AA0745 /* __tableview.xcdatamodel */,
			);
			currentVersion = 21EB8C851F4DC9B200AA0745 /* __tableview.xcdatamodel */;
			path = __tableview.xcdatamodeld;
			sourceTree = "<group>";
			versionGroupType = wrapper.xcdatamodel;
		};
/* End XCVersionGroup section */
	};
	rootObject = 21EB8C721F4DC9B200AA0745 /* Project object */;
}
